
Microsoft Visual Studio Solution File, Format Version 12.00
# Visual Studio Version 17
VisualStudioVersion = 17.9.34714.143
MinimumVisualStudioVersion = 10.0.40219.1
Project("{9A19103F-16F7-4668-BE54-9A1E7A4F7556}") = "WebApp.Domain", "WebApp.Domain\WebApp.Domain.csproj", "{6FD35E1C-59F2-4C32-8735-F64B14EA3047}"
EndProject
Project("{9A19103F-16F7-4668-BE54-9A1E7A4F7556}") = "WebApp.Infrastructure", "WebApp.Infrastructure\WebApp.Infrastructure.csproj", "{0507FB74-0DCE-47F4-951C-A802318F63EC}"
EndProject
Project("{9A19103F-16F7-4668-BE54-9A1E7A4F7556}") = "WebApp.Web", "WebApp.Web\WebApp.Web.csproj", "{2C0677A0-8E4B-4769-9389-6D9783B94E14}"
EndProject
Global
	GlobalSection(SolutionConfigurationPlatforms) = preSolution
		Debug|Any CPU = Debug|Any CPU
		Release|Any CPU = Release|Any CPU
	EndGlobalSection
	GlobalSection(ProjectConfigurationPlatforms) = postSolution
		{6FD35E1C-59F2-4C32-8735-F64B14EA3047}.Debug|Any CPU.ActiveCfg = Debug|Any CPU
		{6FD35E1C-59F2-4C32-8735-F64B14EA3047}.Debug|Any CPU.Build.0 = Debug|Any CPU
		{6FD35E1C-59F2-4C32-8735-F64B14EA3047}.Release|Any CPU.ActiveCfg = Release|Any CPU
		{6FD35E1C-59F2-4C32-8735-F64B14EA3047}.Release|Any CPU.Build.0 = Release|Any CPU
		{0507FB74-0DCE-47F4-951C-A802318F63EC}.Debug|Any CPU.ActiveCfg = Debug|Any CPU
		{0507FB74-0DCE-47F4-951C-A802318F63EC}.Debug|Any CPU.Build.0 = Debug|Any CPU
		{0507FB74-0DCE-47F4-951C-A802318F63EC}.Release|Any CPU.ActiveCfg = Release|Any CPU
		{0507FB74-0DCE-47F4-951C-A802318F63EC}.Release|Any CPU.Build.0 = Release|Any CPU
		{2C0677A0-8E4B-4769-9389-6D9783B94E14}.Debug|Any CPU.ActiveCfg = Debug|Any CPU
		{2C0677A0-8E4B-4769-9389-6D9783B94E14}.Debug|Any CPU.Build.0 = Debug|Any CPU
		{2C0677A0-8E4B-4769-9389-6D9783B94E14}.Release|Any CPU.ActiveCfg = Release|Any CPU
		{2C0677A0-8E4B-4769-9389-6D9783B94E14}.Release|Any CPU.Build.0 = Release|Any CPU
	EndGlobalSection
	GlobalSection(SolutionProperties) = preSolution
		HideSolutionNode = FALSE
	EndGlobalSection
	GlobalSection(ExtensibilityGlobals) = postSolution
		SolutionGuid = {B20B7B40-955B-444F-9569-1A3B2ED5A387}
	EndGlobalSection
EndGlobal
